// !$*UTF8*$!
{
	archiveVersion = 1;
	classes = {
	};
	objectVersion = 52;
	objects = {

/* Begin PBXBuildFile section */
		1810F87326BC63A7008A7F92 /* Comment.swift in Sources */ = {isa = PBXBuildFile; fileRef = 1810F87226BC63A6008A7F92 /* Comment.swift */; };
		1810F87626BC63BC008A7F92 /* CommentsView.swift in Sources */ = {isa = PBXBuildFile; fileRef = 1810F87526BC63BC008A7F92 /* CommentsView.swift */; };
		1810F87926BC63CB008A7F92 /* CommentCell.swift in Sources */ = {isa = PBXBuildFile; fileRef = 1810F87826BC63CB008A7F92 /* CommentCell.swift */; };
		1810F87C26BC640F008A7F92 /* CommentViewModel.swift in Sources */ = {isa = PBXBuildFile; fileRef = 1810F87B26BC640F008A7F92 /* CommentViewModel.swift */; };
		1810F87F26BC69B9008A7F92 /* CustomInputView.swift in Sources */ = {isa = PBXBuildFile; fileRef = 1810F87E26BC69B9008A7F92 /* CustomInputView.swift */; };
		1817E9A026AEFA950073C5B8 /* ProfileViewModel.swift in Sources */ = {isa = PBXBuildFile; fileRef = 1817E99F26AEFA950073C5B8 /* ProfileViewModel.swift */; };
		1817E9A326AF02420073C5B8 /* UserService.swift in Sources */ = {isa = PBXBuildFile; fileRef = 1817E9A226AF02420073C5B8 /* UserService.swift */; };
		181DF3B526A6249300FDD9F4 /* Constants.swift in Sources */ = {isa = PBXBuildFile; fileRef = 181DF3B426A6249300FDD9F4 /* Constants.swift */; };
		181DF3B826A76FA800FDD9F4 /* User.swift in Sources */ = {isa = PBXBuildFile; fileRef = 181DF3B726A76FA800FDD9F4 /* User.swift */; };
		181DF3BD26A7713600FDD9F4 /* FirebaseFunctions in Frameworks */ = {isa = PBXBuildFile; productRef = 181DF3BC26A7713600FDD9F4 /* FirebaseFunctions */; };
		181DF3BF26A7713600FDD9F4 /* FirebaseFirestoreSwift-Beta in Frameworks */ = {isa = PBXBuildFile; productRef = 181DF3BE26A7713600FDD9F4 /* FirebaseFirestoreSwift-Beta */; };
		181DF3C126A7713600FDD9F4 /* FirebaseMessaging in Frameworks */ = {isa = PBXBuildFile; productRef = 181DF3C026A7713600FDD9F4 /* FirebaseMessaging */; };
		181DF3C326A7713600FDD9F4 /* FirebaseAuth in Frameworks */ = {isa = PBXBuildFile; productRef = 181DF3C226A7713600FDD9F4 /* FirebaseAuth */; };
		181DF3C526A7713600FDD9F4 /* FirebaseFirestore in Frameworks */ = {isa = PBXBuildFile; productRef = 181DF3C426A7713600FDD9F4 /* FirebaseFirestore */; };
		181DF3C726A7713600FDD9F4 /* FirebaseStorage in Frameworks */ = {isa = PBXBuildFile; productRef = 181DF3C626A7713600FDD9F4 /* FirebaseStorage */; };
		181DF3CA26A9FFC600FDD9F4 /* SearchViewModel.swift in Sources */ = {isa = PBXBuildFile; fileRef = 181DF3C926A9FFC600FDD9F4 /* SearchViewModel.swift */; };
		182718B4263FA9E900B27484 /* NotificationCell.swift in Sources */ = {isa = PBXBuildFile; fileRef = 182718B3263FA9E900B27484 /* NotificationCell.swift */; };
		1835127526C2F95000A2CFE2 /* EditProfileView.swift in Sources */ = {isa = PBXBuildFile; fileRef = 1835127426C2F95000A2CFE2 /* EditProfileView.swift */; };
		1835127826C3194400A2CFE2 /* EditProfileViewModel.swift in Sources */ = {isa = PBXBuildFile; fileRef = 1835127726C3194400A2CFE2 /* EditProfileViewModel.swift */; };
		183593EA26B0A760009072A1 /* UploadPostViewModel.swift in Sources */ = {isa = PBXBuildFile; fileRef = 183593E926B0A760009072A1 /* UploadPostViewModel.swift */; };
		183593F026B0E5CA009072A1 /* TextArea.swift in Sources */ = {isa = PBXBuildFile; fileRef = 183593EF26B0E5CA009072A1 /* TextArea.swift */; };
		183C75B326961C3800669E0C /* ImagePicker.swift in Sources */ = {isa = PBXBuildFile; fileRef = 183C75B226961C3800669E0C /* ImagePicker.swift */; };
		186AF4AA264B144D00013053 /* ProfileHeaderView.swift in Sources */ = {isa = PBXBuildFile; fileRef = 186AF4A9264B144D00013053 /* ProfileHeaderView.swift */; };
		186AF4AD264B1C3500013053 /* UserStatView.swift in Sources */ = {isa = PBXBuildFile; fileRef = 186AF4AC264B1C3500013053 /* UserStatView.swift */; };
		186AF4B0264B1DBE00013053 /* ProfileActionButtonView.swift in Sources */ = {isa = PBXBuildFile; fileRef = 186AF4AF264B1DBE00013053 /* ProfileActionButtonView.swift */; };
		1883E05725F88AFA00E50608 /* InstagramCloneApp.swift in Sources */ = {isa = PBXBuildFile; fileRef = 1883E05625F88AFA00E50608 /* InstagramCloneApp.swift */; };
		1883E05B25F88AFE00E50608 /* Assets.xcassets in Resources */ = {isa = PBXBuildFile; fileRef = 1883E05A25F88AFE00E50608 /* Assets.xcassets */; };
		1883E05E25F88AFE00E50608 /* Preview Assets.xcassets in Resources */ = {isa = PBXBuildFile; fileRef = 1883E05D25F88AFE00E50608 /* Preview Assets.xcassets */; };
		188A8B50269E1E5400E23C9F /* Kingfisher in Frameworks */ = {isa = PBXBuildFile; productRef = 188A8B4F269E1E5400E23C9F /* Kingfisher */; };
		188A8B53269E1EE100E23C9F /* GoogleService-Info.plist in Resources */ = {isa = PBXBuildFile; fileRef = 188A8B52269E1EE100E23C9F /* GoogleService-Info.plist */; };
		188A8B56269F5C9F00E23C9F /* AuthViewModel.swift in Sources */ = {isa = PBXBuildFile; fileRef = 188A8B55269F5C9F00E23C9F /* AuthViewModel.swift */; };
		188A8B5926A08E0400E23C9F /* ImageUploader.swift in Sources */ = {isa = PBXBuildFile; fileRef = 188A8B5826A08E0300E23C9F /* ImageUploader.swift */; };
		1891F16326B35CC1002298E6 /* Post.swift in Sources */ = {isa = PBXBuildFile; fileRef = 1891F16226B35CC1002298E6 /* Post.swift */; };
		1891F16626B36165002298E6 /* FeedViewModel.swift in Sources */ = {isa = PBXBuildFile; fileRef = 1891F16526B36165002298E6 /* FeedViewModel.swift */; };
		18C646B726C0A639007932F8 /* Notification.swift in Sources */ = {isa = PBXBuildFile; fileRef = 18C646B626C0A639007932F8 /* Notification.swift */; };
		18C646BA26C0A7F6007932F8 /* NotificationsViewModel.swift in Sources */ = {isa = PBXBuildFile; fileRef = 18C646B926C0A7F6007932F8 /* NotificationsViewModel.swift */; };
		18C646BD26C18B19007932F8 /* NotificationCellViewModel.swift in Sources */ = {isa = PBXBuildFile; fileRef = 18C646BC26C18B19007932F8 /* NotificationCellViewModel.swift */; };
		18C646C426C1F408007932F8 /* LazyView.swift in Sources */ = {isa = PBXBuildFile; fileRef = 18C646C326C1F408007932F8 /* LazyView.swift */; };
		18E82A7F263B823200000BF8 /* ContentView.swift in Sources */ = {isa = PBXBuildFile; fileRef = 18E82A7E263B823200000BF8 /* ContentView.swift */; };
		18E82A8F263B834C00000BF8 /* MainTabView.swift in Sources */ = {isa = PBXBuildFile; fileRef = 18E82A8E263B834C00000BF8 /* MainTabView.swift */; };
		18E82A93263B838800000BF8 /* FeedView.swift in Sources */ = {isa = PBXBuildFile; fileRef = 18E82A92263B838800000BF8 /* FeedView.swift */; };
		18E82A96263B83AE00000BF8 /* SearchView.swift in Sources */ = {isa = PBXBuildFile; fileRef = 18E82A95263B83AE00000BF8 /* SearchView.swift */; };
		18E82A99263B83CB00000BF8 /* UploadPostView.swift in Sources */ = {isa = PBXBuildFile; fileRef = 18E82A98263B83CB00000BF8 /* UploadPostView.swift */; };
		18E82A9C263B83DD00000BF8 /* ProfileView.swift in Sources */ = {isa = PBXBuildFile; fileRef = 18E82A9B263B83DD00000BF8 /* ProfileView.swift */; };
		18E82AA3263B840300000BF8 /* NotificationsView.swift in Sources */ = {isa = PBXBuildFile; fileRef = 18E82AA2263B840300000BF8 /* NotificationsView.swift */; };
		18E82AA6263B86EC00000BF8 /* FeedCell.swift in Sources */ = {isa = PBXBuildFile; fileRef = 18E82AA5263B86EC00000BF8 /* FeedCell.swift */; };
		18ED67B026967ABF0007E28A /* LoginView.swift in Sources */ = {isa = PBXBuildFile; fileRef = 18ED67AF26967ABF0007E28A /* LoginView.swift */; };
		18ED67B326967ACA0007E28A /* RegistrationView.swift in Sources */ = {isa = PBXBuildFile; fileRef = 18ED67B226967ACA0007E28A /* RegistrationView.swift */; };
		18ED67B626967AD90007E28A /* ResetPasswordView.swift in Sources */ = {isa = PBXBuildFile; fileRef = 18ED67B526967AD90007E28A /* ResetPasswordView.swift */; };
		18ED67B926967CF30007E28A /* CustomTextField.swift in Sources */ = {isa = PBXBuildFile; fileRef = 18ED67B826967CF30007E28A /* CustomTextField.swift */; };
		18ED67BC26967D020007E28A /* CustomSecureField.swift in Sources */ = {isa = PBXBuildFile; fileRef = 18ED67BB26967D020007E28A /* CustomSecureField.swift */; };
		18EE6EBF263CB79500CBF428 /* SearchBar.swift in Sources */ = {isa = PBXBuildFile; fileRef = 18EE6EBE263CB79500CBF428 /* SearchBar.swift */; };
		18EE6EC2263CBBEE00CBF428 /* PostGridView.swift in Sources */ = {isa = PBXBuildFile; fileRef = 18EE6EC1263CBBEE00CBF428 /* PostGridView.swift */; };
		18EE6EC5263E39FE00CBF428 /* UserCell.swift in Sources */ = {isa = PBXBuildFile; fileRef = 18EE6EC4263E39FE00CBF428 /* UserCell.swift */; };
		18EE6EC8263E3A0F00CBF428 /* UserListView.swift in Sources */ = {isa = PBXBuildFile; fileRef = 18EE6EC7263E3A0F00CBF428 /* UserListView.swift */; };
		18EE6ECB263E3F0600CBF428 /* Extensions.swift in Sources */ = {isa = PBXBuildFile; fileRef = 18EE6ECA263E3F0600CBF428 /* Extensions.swift */; };
		18FD834026B8DB7E0026CB9E /* PostGridViewModel.swift in Sources */ = {isa = PBXBuildFile; fileRef = 18FD833F26B8DB7E0026CB9E /* PostGridViewModel.swift */; };
		18FD834326B8E3610026CB9E /* FeedCellViewModel.swift in Sources */ = {isa = PBXBuildFile; fileRef = 18FD834226B8E3610026CB9E /* FeedCellViewModel.swift */; };
/* End PBXBuildFile section */

/* Begin PBXFileReference section */
		1810F87226BC63A6008A7F92 /* Comment.swift */ = {isa = PBXFileReference; lastKnownFileType = sourcecode.swift; path = Comment.swift; sourceTree = "<group>"; };
		1810F87526BC63BC008A7F92 /* CommentsView.swift */ = {isa = PBXFileReference; lastKnownFileType = sourcecode.swift; path = CommentsView.swift; sourceTree = "<group>"; };
		1810F87826BC63CB008A7F92 /* CommentCell.swift */ = {isa = PBXFileReference; lastKnownFileType = sourcecode.swift; path = CommentCell.swift; sourceTree = "<group>"; };
		1810F87B26BC640F008A7F92 /* CommentViewModel.swift */ = {isa = PBXFileReference; lastKnownFileType = sourcecode.swift; path = CommentViewModel.swift; sourceTree = "<group>"; };
		1810F87E26BC69B9008A7F92 /* CustomInputView.swift */ = {isa = PBXFileReference; lastKnownFileType = sourcecode.swift; path = CustomInputView.swift; sourceTree = "<group>"; };
		1817E99F26AEFA950073C5B8 /* ProfileViewModel.swift */ = {isa = PBXFileReference; lastKnownFileType = sourcecode.swift; path = ProfileViewModel.swift; sourceTree = "<group>"; };
		1817E9A226AF02420073C5B8 /* UserService.swift */ = {isa = PBXFileReference; lastKnownFileType = sourcecode.swift; path = UserService.swift; sourceTree = "<group>"; };
		181DF3B426A6249300FDD9F4 /* Constants.swift */ = {isa = PBXFileReference; lastKnownFileType = sourcecode.swift; path = Constants.swift; sourceTree = "<group>"; };
		181DF3B726A76FA800FDD9F4 /* User.swift */ = {isa = PBXFileReference; lastKnownFileType = sourcecode.swift; path = User.swift; sourceTree = "<group>"; };
		181DF3C926A9FFC600FDD9F4 /* SearchViewModel.swift */ = {isa = PBXFileReference; lastKnownFileType = sourcecode.swift; path = SearchViewModel.swift; sourceTree = "<group>"; };
		182718B3263FA9E900B27484 /* NotificationCell.swift */ = {isa = PBXFileReference; lastKnownFileType = sourcecode.swift; path = NotificationCell.swift; sourceTree = "<group>"; };
		1835127426C2F95000A2CFE2 /* EditProfileView.swift */ = {isa = PBXFileReference; lastKnownFileType = sourcecode.swift; path = EditProfileView.swift; sourceTree = "<group>"; };
		1835127726C3194400A2CFE2 /* EditProfileViewModel.swift */ = {isa = PBXFileReference; lastKnownFileType = sourcecode.swift; path = EditProfileViewModel.swift; sourceTree = "<group>"; };
		183593E926B0A760009072A1 /* UploadPostViewModel.swift */ = {isa = PBXFileReference; lastKnownFileType = sourcecode.swift; path = UploadPostViewModel.swift; sourceTree = "<group>"; };
		183593EF26B0E5CA009072A1 /* TextArea.swift */ = {isa = PBXFileReference; lastKnownFileType = sourcecode.swift; path = TextArea.swift; sourceTree = "<group>"; };
		183C75B226961C3800669E0C /* ImagePicker.swift */ = {isa = PBXFileReference; lastKnownFileType = sourcecode.swift; path = ImagePicker.swift; sourceTree = "<group>"; };
		186AF4A9264B144D00013053 /* ProfileHeaderView.swift */ = {isa = PBXFileReference; lastKnownFileType = sourcecode.swift; path = ProfileHeaderView.swift; sourceTree = "<group>"; };
		186AF4AC264B1C3500013053 /* UserStatView.swift */ = {isa = PBXFileReference; lastKnownFileType = sourcecode.swift; path = UserStatView.swift; sourceTree = "<group>"; };
		186AF4AF264B1DBE00013053 /* ProfileActionButtonView.swift */ = {isa = PBXFileReference; lastKnownFileType = sourcecode.swift; path = ProfileActionButtonView.swift; sourceTree = "<group>"; };
		1883E05325F88AFA00E50608 /* InstagramClone.app */ = {isa = PBXFileReference; explicitFileType = wrapper.application; includeInIndex = 0; path = InstagramClone.app; sourceTree = BUILT_PRODUCTS_DIR; };
		1883E05625F88AFA00E50608 /* InstagramCloneApp.swift */ = {isa = PBXFileReference; lastKnownFileType = sourcecode.swift; path = InstagramCloneApp.swift; sourceTree = "<group>"; };
		1883E05A25F88AFE00E50608 /* Assets.xcassets */ = {isa = PBXFileReference; lastKnownFileType = folder.assetcatalog; path = Assets.xcassets; sourceTree = "<group>"; };
		1883E05D25F88AFE00E50608 /* Preview Assets.xcassets */ = {isa = PBXFileReference; lastKnownFileType = folder.assetcatalog; path = "Preview Assets.xcassets"; sourceTree = "<group>"; };
		1883E05F25F88AFE00E50608 /* Info.plist */ = {isa = PBXFileReference; lastKnownFileType = text.plist.xml; path = Info.plist; sourceTree = "<group>"; };
		188A8B52269E1EE100E23C9F /* GoogleService-Info.plist */ = {isa = PBXFileReference; fileEncoding = 4; lastKnownFileType = text.plist.xml; path = "GoogleService-Info.plist"; sourceTree = "<group>"; };
		188A8B55269F5C9F00E23C9F /* AuthViewModel.swift */ = {isa = PBXFileReference; lastKnownFileType = sourcecode.swift; path = AuthViewModel.swift; sourceTree = "<group>"; };
		188A8B5826A08E0300E23C9F /* ImageUploader.swift */ = {isa = PBXFileReference; lastKnownFileType = sourcecode.swift; path = ImageUploader.swift; sourceTree = "<group>"; };
		1891F16226B35CC1002298E6 /* Post.swift */ = {isa = PBXFileReference; lastKnownFileType = sourcecode.swift; path = Post.swift; sourceTree = "<group>"; };
		1891F16526B36165002298E6 /* FeedViewModel.swift */ = {isa = PBXFileReference; lastKnownFileType = sourcecode.swift; path = FeedViewModel.swift; sourceTree = "<group>"; };
		18C646B626C0A639007932F8 /* Notification.swift */ = {isa = PBXFileReference; lastKnownFileType = sourcecode.swift; path = Notification.swift; sourceTree = "<group>"; };
		18C646B926C0A7F6007932F8 /* NotificationsViewModel.swift */ = {isa = PBXFileReference; lastKnownFileType = sourcecode.swift; path = NotificationsViewModel.swift; sourceTree = "<group>"; };
		18C646BC26C18B19007932F8 /* NotificationCellViewModel.swift */ = {isa = PBXFileReference; lastKnownFileType = sourcecode.swift; path = NotificationCellViewModel.swift; sourceTree = "<group>"; };
		18C646C326C1F408007932F8 /* LazyView.swift */ = {isa = PBXFileReference; lastKnownFileType = sourcecode.swift; path = LazyView.swift; sourceTree = "<group>"; };
		18E82A7E263B823200000BF8 /* ContentView.swift */ = {isa = PBXFileReference; lastKnownFileType = sourcecode.swift; path = ContentView.swift; sourceTree = "<group>"; };
		18E82A8E263B834C00000BF8 /* MainTabView.swift */ = {isa = PBXFileReference; lastKnownFileType = sourcecode.swift; path = MainTabView.swift; sourceTree = "<group>"; };
		18E82A92263B838800000BF8 /* FeedView.swift */ = {isa = PBXFileReference; lastKnownFileType = sourcecode.swift; path = FeedView.swift; sourceTree = "<group>"; };
		18E82A95263B83AE00000BF8 /* SearchView.swift */ = {isa = PBXFileReference; lastKnownFileType = sourcecode.swift; path = SearchView.swift; sourceTree = "<group>"; };
		18E82A98263B83CB00000BF8 /* UploadPostView.swift */ = {isa = PBXFileReference; lastKnownFileType = sourcecode.swift; path = UploadPostView.swift; sourceTree = "<group>"; };
		18E82A9B263B83DD00000BF8 /* ProfileView.swift */ = {isa = PBXFileReference; lastKnownFileType = sourcecode.swift; path = ProfileView.swift; sourceTree = "<group>"; };
		18E82AA2263B840300000BF8 /* NotificationsView.swift */ = {isa = PBXFileReference; lastKnownFileType = sourcecode.swift; path = NotificationsView.swift; sourceTree = "<group>"; };
		18E82AA5263B86EC00000BF8 /* FeedCell.swift */ = {isa = PBXFileReference; lastKnownFileType = sourcecode.swift; path = FeedCell.swift; sourceTree = "<group>"; };
		18ED67AF26967ABF0007E28A /* LoginView.swift */ = {isa = PBXFileReference; lastKnownFileType = sourcecode.swift; path = LoginView.swift; sourceTree = "<group>"; };
		18ED67B226967ACA0007E28A /* RegistrationView.swift */ = {isa = PBXFileReference; lastKnownFileType = sourcecode.swift; path = RegistrationView.swift; sourceTree = "<group>"; };
		18ED67B526967AD90007E28A /* ResetPasswordView.swift */ = {isa = PBXFileReference; lastKnownFileType = sourcecode.swift; path = ResetPasswordView.swift; sourceTree = "<group>"; };
		18ED67B826967CF30007E28A /* CustomTextField.swift */ = {isa = PBXFileReference; lastKnownFileType = sourcecode.swift; path = CustomTextField.swift; sourceTree = "<group>"; };
		18ED67BB26967D020007E28A /* CustomSecureField.swift */ = {isa = PBXFileReference; lastKnownFileType = sourcecode.swift; path = CustomSecureField.swift; sourceTree = "<group>"; };
		18EE6EBE263CB79500CBF428 /* SearchBar.swift */ = {isa = PBXFileReference; lastKnownFileType = sourcecode.swift; path = SearchBar.swift; sourceTree = "<group>"; };
		18EE6EC1263CBBEE00CBF428 /* PostGridView.swift */ = {isa = PBXFileReference; lastKnownFileType = sourcecode.swift; path = PostGridView.swift; sourceTree = "<group>"; };
		18EE6EC4263E39FE00CBF428 /* UserCell.swift */ = {isa = PBXFileReference; lastKnownFileType = sourcecode.swift; path = UserCell.swift; sourceTree = "<group>"; };
		18EE6EC7263E3A0F00CBF428 /* UserListView.swift */ = {isa = PBXFileReference; lastKnownFileType = sourcecode.swift; path = UserListView.swift; sourceTree = "<group>"; };
		18EE6ECA263E3F0600CBF428 /* Extensions.swift */ = {isa = PBXFileReference; lastKnownFileType = sourcecode.swift; path = Extensions.swift; sourceTree = "<group>"; };
		18FD833F26B8DB7E0026CB9E /* PostGridViewModel.swift */ = {isa = PBXFileReference; lastKnownFileType = sourcecode.swift; path = PostGridViewModel.swift; sourceTree = "<group>"; };
		18FD834226B8E3610026CB9E /* FeedCellViewModel.swift */ = {isa = PBXFileReference; lastKnownFileType = sourcecode.swift; path = FeedCellViewModel.swift; sourceTree = "<group>"; };
/* End PBXFileReference section */

/* Begin PBXFrameworksBuildPhase section */
		1883E05025F88AFA00E50608 /* Frameworks */ = {
			isa = PBXFrameworksBuildPhase;
			buildActionMask = 2147483647;
			files = (
				181DF3C126A7713600FDD9F4 /* FirebaseMessaging in Frameworks */,
				181DF3C326A7713600FDD9F4 /* FirebaseAuth in Frameworks */,
				181DF3BF26A7713600FDD9F4 /* FirebaseFirestoreSwift-Beta in Frameworks */,
				188A8B50269E1E5400E23C9F /* Kingfisher in Frameworks */,
				181DF3C726A7713600FDD9F4 /* FirebaseStorage in Frameworks */,
				181DF3BD26A7713600FDD9F4 /* FirebaseFunctions in Frameworks */,
				181DF3C526A7713600FDD9F4 /* FirebaseFirestore in Frameworks */,
			);
			runOnlyForDeploymentPostprocessing = 0;
		};
/* End PBXFrameworksBuildPhase section */

/* Begin PBXGroup section */
		1883E04A25F88AFA00E50608 = {
			isa = PBXGroup;
			children = (
				1883E05525F88AFA00E50608 /* InstagramClone */,
				1883E05425F88AFA00E50608 /* Products */,
			);
			sourceTree = "<group>";
		};
		1883E05425F88AFA00E50608 /* Products */ = {
			isa = PBXGroup;
			children = (
				1883E05325F88AFA00E50608 /* InstagramClone.app */,
			);
			name = Products;
			sourceTree = "<group>";
		};
		1883E05525F88AFA00E50608 /* InstagramClone */ = {
			isa = PBXGroup;
			children = (
				18E82A7B263B81DB00000BF8 /* Model */,
				18E82A7A263B81D800000BF8 /* View */,
				18E82A79263B81D400000BF8 /* ViewModel */,
				18E82A78263B81CF00000BF8 /* API */,
				18E82A77263B81CD00000BF8 /* Utils */,
				1883E05625F88AFA00E50608 /* InstagramCloneApp.swift */,
				1883E05A25F88AFE00E50608 /* Assets.xcassets */,
				1883E05F25F88AFE00E50608 /* Info.plist */,
				188A8B52269E1EE100E23C9F /* GoogleService-Info.plist */,
				1883E05C25F88AFE00E50608 /* Preview Content */,
			);
			path = InstagramClone;
			sourceTree = "<group>";
		};
		1883E05C25F88AFE00E50608 /* Preview Content */ = {
			isa = PBXGroup;
			children = (
				1883E05D25F88AFE00E50608 /* Preview Assets.xcassets */,
			);
			path = "Preview Content";
			sourceTree = "<group>";
		};
		18E82A77263B81CD00000BF8 /* Utils */ = {
			isa = PBXGroup;
			children = (
				18EE6ECA263E3F0600CBF428 /* Extensions.swift */,
				183C75B226961C3800669E0C /* ImagePicker.swift */,
				18ED67B826967CF30007E28A /* CustomTextField.swift */,
				18ED67BB26967D020007E28A /* CustomSecureField.swift */,
				181DF3B426A6249300FDD9F4 /* Constants.swift */,
				183593EF26B0E5CA009072A1 /* TextArea.swift */,
				18C646C326C1F408007932F8 /* LazyView.swift */,
			);
			path = Utils;
			sourceTree = "<group>";
		};
		18E82A78263B81CF00000BF8 /* API */ = {
			isa = PBXGroup;
			children = (
				188A8B5826A08E0300E23C9F /* ImageUploader.swift */,
				1817E9A226AF02420073C5B8 /* UserService.swift */,
			);
			path = API;
			sourceTree = "<group>";
		};
		18E82A79263B81D400000BF8 /* ViewModel */ = {
			isa = PBXGroup;
			children = (
				18E82A8D263B82CA00000BF8 /* Profile */,
				18E82A8C263B82C200000BF8 /* Authentication */,
				18E82A8B263B82BD00000BF8 /* Notifications */,
				18E82A8A263B82B800000BF8 /* Feed */,
				181DF3C926A9FFC600FDD9F4 /* SearchViewModel.swift */,
				183593E926B0A760009072A1 /* UploadPostViewModel.swift */,
				18FD833F26B8DB7E0026CB9E /* PostGridViewModel.swift */,
				1810F87B26BC640F008A7F92 /* CommentViewModel.swift */,
			);
			path = ViewModel;
			sourceTree = "<group>";
		};
		18E82A7A263B81D800000BF8 /* View */ = {
			isa = PBXGroup;
			children = (
				18E82A89263B82A900000BF8 /* Items */,
				18E82A88263B82A000000BF8 /* Authentication */,
				18E82A87263B829900000BF8 /* Notifications */,
				18E82A86263B829200000BF8 /* Search */,
				18E82A85263B828A00000BF8 /* Comments */,
				18E82A84263B828300000BF8 /* Feed */,
				18E82A83263B827B00000BF8 /* Profile */,
				18E82A82263B827200000BF8 /* UploadPost */,
				18E82A7D263B822200000BF8 /* Main */,
			);
			path = View;
			sourceTree = "<group>";
		};
		18E82A7B263B81DB00000BF8 /* Model */ = {
			isa = PBXGroup;
			children = (
				181DF3B726A76FA800FDD9F4 /* User.swift */,
				1891F16226B35CC1002298E6 /* Post.swift */,
				1810F87226BC63A6008A7F92 /* Comment.swift */,
				18C646B626C0A639007932F8 /* Notification.swift */,
			);
			path = Model;
			sourceTree = "<group>";
		};
		18E82A7D263B822200000BF8 /* Main */ = {
			isa = PBXGroup;
			children = (
				18E82A7E263B823200000BF8 /* ContentView.swift */,
				18E82A8E263B834C00000BF8 /* MainTabView.swift */,
			);
			path = Main;
			sourceTree = "<group>";
		};
		18E82A82263B827200000BF8 /* UploadPost */ = {
			isa = PBXGroup;
			children = (
				18E82A98263B83CB00000BF8 /* UploadPostView.swift */,
			);
			path = UploadPost;
			sourceTree = "<group>";
		};
		18E82A83263B827B00000BF8 /* Profile */ = {
			isa = PBXGroup;
			children = (
				18E82A9B263B83DD00000BF8 /* ProfileView.swift */,
				186AF4A9264B144D00013053 /* ProfileHeaderView.swift */,
				186AF4AC264B1C3500013053 /* UserStatView.swift */,
				186AF4AF264B1DBE00013053 /* ProfileActionButtonView.swift */,
				1835127426C2F95000A2CFE2 /* EditProfileView.swift */,
			);
			path = Profile;
			sourceTree = "<group>";
		};
		18E82A84263B828300000BF8 /* Feed */ = {
			isa = PBXGroup;
			children = (
				18E82A92263B838800000BF8 /* FeedView.swift */,
				18E82AA5263B86EC00000BF8 /* FeedCell.swift */,
			);
			path = Feed;
			sourceTree = "<group>";
		};
		18E82A85263B828A00000BF8 /* Comments */ = {
			isa = PBXGroup;
			children = (
				1810F87526BC63BC008A7F92 /* CommentsView.swift */,
				1810F87826BC63CB008A7F92 /* CommentCell.swift */,
			);
			path = Comments;
			sourceTree = "<group>";
		};
		18E82A86263B829200000BF8 /* Search */ = {
			isa = PBXGroup;
			children = (
				18E82A95263B83AE00000BF8 /* SearchView.swift */,
				18EE6EBE263CB79500CBF428 /* SearchBar.swift */,
			);
			path = Search;
			sourceTree = "<group>";
		};
		18E82A87263B829900000BF8 /* Notifications */ = {
			isa = PBXGroup;
			children = (
				18E82AA2263B840300000BF8 /* NotificationsView.swift */,
				182718B3263FA9E900B27484 /* NotificationCell.swift */,
			);
			path = Notifications;
			sourceTree = "<group>";
		};
		18E82A88263B82A000000BF8 /* Authentication */ = {
			isa = PBXGroup;
			children = (
				18ED67AF26967ABF0007E28A /* LoginView.swift */,
				18ED67B226967ACA0007E28A /* RegistrationView.swift */,
				18ED67B526967AD90007E28A /* ResetPasswordView.swift */,
			);
			path = Authentication;
			sourceTree = "<group>";
		};
		18E82A89263B82A900000BF8 /* Items */ = {
			isa = PBXGroup;
			children = (
				18EE6EC1263CBBEE00CBF428 /* PostGridView.swift */,
				18EE6EC4263E39FE00CBF428 /* UserCell.swift */,
				18EE6EC7263E3A0F00CBF428 /* UserListView.swift */,
				1810F87E26BC69B9008A7F92 /* CustomInputView.swift */,
			);
			path = Items;
			sourceTree = "<group>";
		};
		18E82A8A263B82B800000BF8 /* Feed */ = {
			isa = PBXGroup;
			children = (
				1891F16526B36165002298E6 /* FeedViewModel.swift */,
				18FD834226B8E3610026CB9E /* FeedCellViewModel.swift */,
			);
			path = Feed;
			sourceTree = "<group>";
		};
		18E82A8B263B82BD00000BF8 /* Notifications */ = {
			isa = PBXGroup;
			children = (
				18C646B926C0A7F6007932F8 /* NotificationsViewModel.swift */,
				18C646BC26C18B19007932F8 /* NotificationCellViewModel.swift */,
			);
			path = Notifications;
			sourceTree = "<group>";
		};
		18E82A8C263B82C200000BF8 /* Authentication */ = {
			isa = PBXGroup;
			children = (
				188A8B55269F5C9F00E23C9F /* AuthViewModel.swift */,
			);
			path = Authentication;
			sourceTree = "<group>";
		};
		18E82A8D263B82CA00000BF8 /* Profile */ = {
			isa = PBXGroup;
			children = (
				1817E99F26AEFA950073C5B8 /* ProfileViewModel.swift */,
				1835127726C3194400A2CFE2 /* EditProfileViewModel.swift */,
			);
			path = Profile;
			sourceTree = "<group>";
		};
/* End PBXGroup section */

/* Begin PBXNativeTarget section */
		1883E05225F88AFA00E50608 /* InstagramClone */ = {
			isa = PBXNativeTarget;
			buildConfigurationList = 1883E06225F88AFE00E50608 /* Build configuration list for PBXNativeTarget "InstagramClone" */;
			buildPhases = (
				1883E04F25F88AFA00E50608 /* Sources */,
				1883E05025F88AFA00E50608 /* Frameworks */,
				1883E05125F88AFA00E50608 /* Resources */,
			);
			buildRules = (
			);
			dependencies = (
			);
			name = InstagramClone;
			packageProductDependencies = (
				188A8B4F269E1E5400E23C9F /* Kingfisher */,
				181DF3BC26A7713600FDD9F4 /* FirebaseFunctions */,
				181DF3BE26A7713600FDD9F4 /* FirebaseFirestoreSwift-Beta */,
				181DF3C026A7713600FDD9F4 /* FirebaseMessaging */,
				181DF3C226A7713600FDD9F4 /* FirebaseAuth */,
				181DF3C426A7713600FDD9F4 /* FirebaseFirestore */,
				181DF3C626A7713600FDD9F4 /* FirebaseStorage */,
			);
			productName = InstagramClone;
			productReference = 1883E05325F88AFA00E50608 /* InstagramClone.app */;
			productType = "com.apple.product-type.application";
		};
/* End PBXNativeTarget section */

/* Begin PBXProject section */
		1883E04B25F88AFA00E50608 /* Project object */ = {
			isa = PBXProject;
			attributes = {
				LastSwiftUpdateCheck = 1210;
				LastUpgradeCheck = 1210;
				TargetAttributes = {
					1883E05225F88AFA00E50608 = {
						CreatedOnToolsVersion = 12.1;
					};
				};
			};
			buildConfigurationList = 1883E04E25F88AFA00E50608 /* Build configuration list for PBXProject "InstagramClone" */;
			compatibilityVersion = "Xcode 9.3";
			developmentRegion = en;
			hasScannedForEncodings = 0;
			knownRegions = (
				en,
				Base,
			);
			mainGroup = 1883E04A25F88AFA00E50608;
			packageReferences = (
				188A8B4E269E1E5400E23C9F /* XCRemoteSwiftPackageReference "Kingfisher" */,
				181DF3BB26A7713600FDD9F4 /* XCRemoteSwiftPackageReference "firebase-ios-sdk" */,
			);
			productRefGroup = 1883E05425F88AFA00E50608 /* Products */;
			projectDirPath = "";
			projectRoot = "";
			targets = (
				1883E05225F88AFA00E50608 /* InstagramClone */,
			);
		};
/* End PBXProject section */

/* Begin PBXResourcesBuildPhase section */
		1883E05125F88AFA00E50608 /* Resources */ = {
			isa = PBXResourcesBuildPhase;
			buildActionMask = 2147483647;
			files = (
				1883E05E25F88AFE00E50608 /* Preview Assets.xcassets in Resources */,
				1883E05B25F88AFE00E50608 /* Assets.xcassets in Resources */,
				188A8B53269E1EE100E23C9F /* GoogleService-Info.plist in Resources */,
			);
			runOnlyForDeploymentPostprocessing = 0;
		};
/* End PBXResourcesBuildPhase section */

/* Begin PBXSourcesBuildPhase section */
		1883E04F25F88AFA00E50608 /* Sources */ = {
			isa = PBXSourcesBuildPhase;
			buildActionMask = 2147483647;
			files = (
				1891F16626B36165002298E6 /* FeedViewModel.swift in Sources */,
				18E82A96263B83AE00000BF8 /* SearchView.swift in Sources */,
				18C646C426C1F408007932F8 /* LazyView.swift in Sources */,
				18E82A99263B83CB00000BF8 /* UploadPostView.swift in Sources */,
				18EE6EC2263CBBEE00CBF428 /* PostGridView.swift in Sources */,
				18ED67B326967ACA0007E28A /* RegistrationView.swift in Sources */,
				18C646BA26C0A7F6007932F8 /* NotificationsViewModel.swift in Sources */,
				18ED67B926967CF30007E28A /* CustomTextField.swift in Sources */,
				188A8B5926A08E0400E23C9F /* ImageUploader.swift in Sources */,
				18E82A93263B838800000BF8 /* FeedView.swift in Sources */,
				18E82A7F263B823200000BF8 /* ContentView.swift in Sources */,
				1883E05725F88AFA00E50608 /* InstagramCloneApp.swift in Sources */,
				18FD834026B8DB7E0026CB9E /* PostGridViewModel.swift in Sources */,
				18ED67B626967AD90007E28A /* ResetPasswordView.swift in Sources */,
				18E82A9C263B83DD00000BF8 /* ProfileView.swift in Sources */,
				183593EA26B0A760009072A1 /* UploadPostViewModel.swift in Sources */,
				183C75B326961C3800669E0C /* ImagePicker.swift in Sources */,
				1810F87C26BC640F008A7F92 /* CommentViewModel.swift in Sources */,
				1835127526C2F95000A2CFE2 /* EditProfileView.swift in Sources */,
				1810F87926BC63CB008A7F92 /* CommentCell.swift in Sources */,
				183593F026B0E5CA009072A1 /* TextArea.swift in Sources */,
				186AF4AA264B144D00013053 /* ProfileHeaderView.swift in Sources */,
				1817E9A326AF02420073C5B8 /* UserService.swift in Sources */,
				1810F87F26BC69B9008A7F92 /* CustomInputView.swift in Sources */,
				1835127826C3194400A2CFE2 /* EditProfileViewModel.swift in Sources */,
				18E82A8F263B834C00000BF8 /* MainTabView.swift in Sources */,
				186AF4AD264B1C3500013053 /* UserStatView.swift in Sources */,
				18EE6EC5263E39FE00CBF428 /* UserCell.swift in Sources */,
				18EE6EBF263CB79500CBF428 /* SearchBar.swift in Sources */,
				18ED67BC26967D020007E28A /* CustomSecureField.swift in Sources */,
				1810F87626BC63BC008A7F92 /* CommentsView.swift in Sources */,
				18FD834326B8E3610026CB9E /* FeedCellViewModel.swift in Sources */,
				1891F16326B35CC1002298E6 /* Post.swift in Sources */,
				181DF3CA26A9FFC600FDD9F4 /* SearchViewModel.swift in Sources */,
				18E82AA3263B840300000BF8 /* NotificationsView.swift in Sources */,
				18E82AA6263B86EC00000BF8 /* FeedCell.swift in Sources */,
				181DF3B826A76FA800FDD9F4 /* User.swift in Sources */,
				186AF4B0264B1DBE00013053 /* ProfileActionButtonView.swift in Sources */,
				188A8B56269F5C9F00E23C9F /* AuthViewModel.swift in Sources */,
				1817E9A026AEFA950073C5B8 /* ProfileViewModel.swift in Sources */,
				18EE6EC8263E3A0F00CBF428 /* UserListView.swift in Sources */,
				182718B4263FA9E900B27484 /* NotificationCell.swift in Sources */,
				18ED67B026967ABF0007E28A /* LoginView.swift in Sources */,
				18C646B726C0A639007932F8 /* Notification.swift in Sources */,
				18C646BD26C18B19007932F8 /* NotificationCellViewModel.swift in Sources */,
				1810F87326BC63A7008A7F92 /* Comment.swift in Sources */,
				18EE6ECB263E3F0600CBF428 /* Extensions.swift in Sources */,
				181DF3B526A6249300FDD9F4 /* Constants.swift in Sources */,
			);
			runOnlyForDeploymentPostprocessing = 0;
		};
/* End PBXSourcesBuildPhase section */

/* Begin XCBuildConfiguration section */
		1883E06025F88AFE00E50608 /* Debug */ = {
			isa = XCBuildConfiguration;
			buildSettings = {
				ALWAYS_SEARCH_USER_PATHS = NO;
				CLANG_ANALYZER_NONNULL = YES;
				CLANG_ANALYZER_NUMBER_OBJECT_CONVERSION = YES_AGGRESSIVE;
				CLANG_CXX_LANGUAGE_STANDARD = "gnu++14";
				CLANG_CXX_LIBRARY = "libc++";
				CLANG_ENABLE_MODULES = YES;
				CLANG_ENABLE_OBJC_ARC = YES;
				CLANG_ENABLE_OBJC_WEAK = YES;
				CLANG_WARN_BLOCK_CAPTURE_AUTORELEASING = YES;
				CLANG_WARN_BOOL_CONVERSION = YES;
				CLANG_WARN_COMMA = YES;
				CLANG_WARN_CONSTANT_CONVERSION = YES;
				CLANG_WARN_DEPRECATED_OBJC_IMPLEMENTATIONS = YES;
				CLANG_WARN_DIRECT_OBJC_ISA_USAGE = YES_ERROR;
				CLANG_WARN_DOCUMENTATION_COMMENTS = YES;
				CLANG_WARN_EMPTY_BODY = YES;
				CLANG_WARN_ENUM_CONVERSION = YES;
				CLANG_WARN_INFINITE_RECURSION = YES;
				CLANG_WARN_INT_CONVERSION = YES;
				CLANG_WARN_NON_LITERAL_NULL_CONVERSION = YES;
				CLANG_WARN_OBJC_IMPLICIT_RETAIN_SELF = YES;
				CLANG_WARN_OBJC_LITERAL_CONVERSION = YES;
				CLANG_WARN_OBJC_ROOT_CLASS = YES_ERROR;
				CLANG_WARN_QUOTED_INCLUDE_IN_FRAMEWORK_HEADER = YES;
				CLANG_WARN_RANGE_LOOP_ANALYSIS = YES;
				CLANG_WARN_STRICT_PROTOTYPES = YES;
				CLANG_WARN_SUSPICIOUS_MOVE = YES;
				CLANG_WARN_UNGUARDED_AVAILABILITY = YES_AGGRESSIVE;
				CLANG_WARN_UNREACHABLE_CODE = YES;
				CLANG_WARN__DUPLICATE_METHOD_MATCH = YES;
				COPY_PHASE_STRIP = NO;
				DEBUG_INFORMATION_FORMAT = dwarf;
				ENABLE_STRICT_OBJC_MSGSEND = YES;
				ENABLE_TESTABILITY = YES;
				GCC_C_LANGUAGE_STANDARD = gnu11;
				GCC_DYNAMIC_NO_PIC = NO;
				GCC_NO_COMMON_BLOCKS = YES;
				GCC_OPTIMIZATION_LEVEL = 0;
				GCC_PREPROCESSOR_DEFINITIONS = (
					"DEBUG=1",
					"$(inherited)",
				);
				GCC_WARN_64_TO_32_BIT_CONVERSION = YES;
				GCC_WARN_ABOUT_RETURN_TYPE = YES_ERROR;
				GCC_WARN_UNDECLARED_SELECTOR = YES;
				GCC_WARN_UNINITIALIZED_AUTOS = YES_AGGRESSIVE;
				GCC_WARN_UNUSED_FUNCTION = YES;
				GCC_WARN_UNUSED_VARIABLE = YES;
				IPHONEOS_DEPLOYMENT_TARGET = 14.1;
				MTL_ENABLE_DEBUG_INFO = INCLUDE_SOURCE;
				MTL_FAST_MATH = YES;
				ONLY_ACTIVE_ARCH = YES;
				SDKROOT = iphoneos;
				SWIFT_ACTIVE_COMPILATION_CONDITIONS = DEBUG;
				SWIFT_OPTIMIZATION_LEVEL = "-Onone";
			};
			name = Debug;
		};
		1883E06125F88AFE00E50608 /* Release */ = {
			isa = XCBuildConfiguration;
			buildSettings = {
				ALWAYS_SEARCH_USER_PATHS = NO;
				CLANG_ANALYZER_NONNULL = YES;
				CLANG_ANALYZER_NUMBER_OBJECT_CONVERSION = YES_AGGRESSIVE;
				CLANG_CXX_LANGUAGE_STANDARD = "gnu++14";
				CLANG_CXX_LIBRARY = "libc++";
				CLANG_ENABLE_MODULES = YES;
				CLANG_ENABLE_OBJC_ARC = YES;
				CLANG_ENABLE_OBJC_WEAK = YES;
				CLANG_WARN_BLOCK_CAPTURE_AUTORELEASING = YES;
				CLANG_WARN_BOOL_CONVERSION = YES;
				CLANG_WARN_COMMA = YES;
				CLANG_WARN_CONSTANT_CONVERSION = YES;
				CLANG_WARN_DEPRECATED_OBJC_IMPLEMENTATIONS = YES;
				CLANG_WARN_DIRECT_OBJC_ISA_USAGE = YES_ERROR;
				CLANG_WARN_DOCUMENTATION_COMMENTS = YES;
				CLANG_WARN_EMPTY_BODY = YES;
				CLANG_WARN_ENUM_CONVERSION = YES;
				CLANG_WARN_INFINITE_RECURSION = YES;
				CLANG_WARN_INT_CONVERSION = YES;
				CLANG_WARN_NON_LITERAL_NULL_CONVERSION = YES;
				CLANG_WARN_OBJC_IMPLICIT_RETAIN_SELF = YES;
				CLANG_WARN_OBJC_LITERAL_CONVERSION = YES;
				CLANG_WARN_OBJC_ROOT_CLASS = YES_ERROR;
				CLANG_WARN_QUOTED_INCLUDE_IN_FRAMEWORK_HEADER = YES;
				CLANG_WARN_RANGE_LOOP_ANALYSIS = YES;
				CLANG_WARN_STRICT_PROTOTYPES = YES;
				CLANG_WARN_SUSPICIOUS_MOVE = YES;
				CLANG_WARN_UNGUARDED_AVAILABILITY = YES_AGGRESSIVE;
				CLANG_WARN_UNREACHABLE_CODE = YES;
				CLANG_WARN__DUPLICATE_METHOD_MATCH = YES;
				COPY_PHASE_STRIP = NO;
				DEBUG_INFORMATION_FORMAT = "dwarf-with-dsym";
				ENABLE_NS_ASSERTIONS = NO;
				ENABLE_STRICT_OBJC_MSGSEND = YES;
				GCC_C_LANGUAGE_STANDARD = gnu11;
				GCC_NO_COMMON_BLOCKS = YES;
				GCC_WARN_64_TO_32_BIT_CONVERSION = YES;
				GCC_WARN_ABOUT_RETURN_TYPE = YES_ERROR;
				GCC_WARN_UNDECLARED_SELECTOR = YES;
				GCC_WARN_UNINITIALIZED_AUTOS = YES_AGGRESSIVE;
				GCC_WARN_UNUSED_FUNCTION = YES;
				GCC_WARN_UNUSED_VARIABLE = YES;
				IPHONEOS_DEPLOYMENT_TARGET = 14.1;
				MTL_ENABLE_DEBUG_INFO = NO;
				MTL_FAST_MATH = YES;
				SDKROOT = iphoneos;
				SWIFT_COMPILATION_MODE = wholemodule;
				SWIFT_OPTIMIZATION_LEVEL = "-O";
				VALIDATE_PRODUCT = YES;
			};
			name = Release;
		};
		1883E06325F88AFE00E50608 /* Debug */ = {
			isa = XCBuildConfiguration;
			buildSettings = {
				ASSETCATALOG_COMPILER_APPICON_NAME = AppIcon;
				ASSETCATALOG_COMPILER_GLOBAL_ACCENT_COLOR_NAME = AccentColor;
				CODE_SIGN_STYLE = Automatic;
				DEVELOPMENT_ASSET_PATHS = "\"InstagramClone/Preview Content\"";
				DEVELOPMENT_TEAM = AR4C92FHQJ;
				ENABLE_PREVIEWS = YES;
				INFOPLIST_FILE = InstagramClone/Info.plist;
				IPHONEOS_DEPLOYMENT_TARGET = 14.0;
				LD_RUNPATH_SEARCH_PATHS = (
					"$(inherited)",
					"@executable_path/Frameworks",
				);
				PRODUCT_BUNDLE_IDENTIFIER = kellett.reed.999.InstagramClone;
				PRODUCT_NAME = "$(TARGET_NAME)";
				SWIFT_VERSION = 5.0;
				TARGETED_DEVICE_FAMILY = "1,2";
			};
			name = Debug;
		};
		1883E06425F88AFE00E50608 /* Release */ = {
			isa = XCBuildConfiguration;
			buildSettings = {
				ASSETCATALOG_COMPILER_APPICON_NAME = AppIcon;
				ASSETCATALOG_COMPILER_GLOBAL_ACCENT_COLOR_NAME = AccentColor;
				CODE_SIGN_STYLE = Automatic;
				DEVELOPMENT_ASSET_PATHS = "\"InstagramClone/Preview Content\"";
				DEVELOPMENT_TEAM = AR4C92FHQJ;
				ENABLE_PREVIEWS = YES;
				INFOPLIST_FILE = InstagramClone/Info.plist;
				IPHONEOS_DEPLOYMENT_TARGET = 14.0;
				LD_RUNPATH_SEARCH_PATHS = (
					"$(inherited)",
					"@executable_path/Frameworks",
				);
				PRODUCT_BUNDLE_IDENTIFIER = kellett.reed.999.InstagramClone;
				PRODUCT_NAME = "$(TARGET_NAME)";
				SWIFT_VERSION = 5.0;
				TARGETED_DEVICE_FAMILY = "1,2";
			};
			name = Release;
		};
/* End XCBuildConfiguration section */

/* Begin XCConfigurationList section */
		1883E04E25F88AFA00E50608 /* Build configuration list for PBXProject "InstagramClone" */ = {
			isa = XCConfigurationList;
			buildConfigurations = (
				1883E06025F88AFE00E50608 /* Debug */,
				1883E06125F88AFE00E50608 /* Release */,
			);
			defaultConfigurationIsVisible = 0;
			defaultConfigurationName = Release;
		};
		1883E06225F88AFE00E50608 /* Build configuration list for PBXNativeTarget "InstagramClone" */ = {
			isa = XCConfigurationList;
			buildConfigurations = (
				1883E06325F88AFE00E50608 /* Debug */,
				1883E06425F88AFE00E50608 /* Release */,
			);
			defaultConfigurationIsVisible = 0;
			defaultConfigurationName = Release;
		};
/* End XCConfigurationList section */

/* Begin XCRemoteSwiftPackageReference section */
		181DF3BB26A7713600FDD9F4 /* XCRemoteSwiftPackageReference "firebase-ios-sdk" */ = {
			isa = XCRemoteSwiftPackageReference;
			repositoryURL = "https://github.com/firebase/firebase-ios-sdk.git";
			requirement = {
				kind = upToNextMajorVersion;
				minimumVersion = 8.3.1;
			};
		};
		188A8B4E269E1E5400E23C9F /* XCRemoteSwiftPackageReference "Kingfisher" */ = {
			isa = XCRemoteSwiftPackageReference;
			repositoryURL = "https://github.com/onevcat/Kingfisher.git";
			requirement = {
				kind = upToNextMajorVersion;
				minimumVersion = 6.3.0;
			};
		};
/* End XCRemoteSwiftPackageReference section */

/* Begin XCSwiftPackageProductDependency section */
		181DF3BC26A7713600FDD9F4 /* FirebaseFunctions */ = {
			isa = XCSwiftPackageProductDependency;
			package = 181DF3BB26A7713600FDD9F4 /* XCRemoteSwiftPackageReference "firebase-ios-sdk" */;
			productName = FirebaseFunctions;
		};
		181DF3BE26A7713600FDD9F4 /* FirebaseFirestoreSwift-Beta */ = {
			isa = XCSwiftPackageProductDependency;
			package = 181DF3BB26A7713600FDD9F4 /* XCRemoteSwiftPackageReference "firebase-ios-sdk" */;
			productName = "FirebaseFirestoreSwift-Beta";
		};
		181DF3C026A7713600FDD9F4 /* FirebaseMessaging */ = {
			isa = XCSwiftPackageProductDependency;
			package = 181DF3BB26A7713600FDD9F4 /* XCRemoteSwiftPackageReference "firebase-ios-sdk" */;
			productName = FirebaseMessaging;
		};
		181DF3C226A7713600FDD9F4 /* FirebaseAuth */ = {
			isa = XCSwiftPackageProductDependency;
			package = 181DF3BB26A7713600FDD9F4 /* XCRemoteSwiftPackageReference "firebase-ios-sdk" */;
			productName = FirebaseAuth;
		};
		181DF3C426A7713600FDD9F4 /* FirebaseFirestore */ = {
			isa = XCSwiftPackageProductDependency;
			package = 181DF3BB26A7713600FDD9F4 /* XCRemoteSwiftPackageReference "firebase-ios-sdk" */;
			productName = FirebaseFirestore;
		};
		181DF3C626A7713600FDD9F4 /* FirebaseStorage */ = {
			isa = XCSwiftPackageProductDependency;
			package = 181DF3BB26A7713600FDD9F4 /* XCRemoteSwiftPackageReference "firebase-ios-sdk" */;
			productName = FirebaseStorage;
		};
		188A8B4F269E1E5400E23C9F /* Kingfisher */ = {
			isa = XCSwiftPackageProductDependency;
			package = 188A8B4E269E1E5400E23C9F /* XCRemoteSwiftPackageReference "Kingfisher" */;
			productName = Kingfisher;
		};
/* End XCSwiftPackageProductDependency section */
	};
	rootObject = 1883E04B25F88AFA00E50608 /* Project object */;
}
